{
  "name": "csvjson-json_beautifier",
  "version": "5.0.3",
  "lockfileVersion": 1,
  "requires": true,
  "dependencies": {
    "json2-mod": {
      "version": "1.0.7",
      "resolved": "https://registry.npmjs.org/json2-mod/-/json2-mod-1.0.7.tgz",
      "integrity": "sha512-Frdqg4n6hORjGJaBE0qytI7VtA5Y7x3Ao59xeEXWAEg199WrgJJyHxA55IKRZG3L3ets4qwOw0xhOxGTKIZMJA=="
    }
  }
}
